// !$*UTF8*$!
{
	archiveVersion = 1;
	classes = {
	};
	objectVersion = 56;
	objects = {

/* Begin PBXBuildFile section */
		A8A265522BEB9A7D0030D119 /* AppDelegate.swift in Sources */ = {isa = PBXBuildFile; fileRef = A8A265512BEB9A7D0030D119 /* AppDelegate.swift */; };
		A8A265542BEB9A7D0030D119 /* SceneDelegate.swift in Sources */ = {isa = PBXBuildFile; fileRef = A8A265532BEB9A7D0030D119 /* SceneDelegate.swift */; };
		A8A2655B2BEB9A7F0030D119 /* Assets.xcassets in Resources */ = {isa = PBXBuildFile; fileRef = A8A2655A2BEB9A7F0030D119 /* Assets.xcassets */; };
		A8A2655E2BEB9A7F0030D119 /* Base in Resources */ = {isa = PBXBuildFile; fileRef = A8A2655D2BEB9A7F0030D119 /* Base */; };
		A8A2656C2BEB9D430030D119 /* MainViewController.swift in Sources */ = {isa = PBXBuildFile; fileRef = A8A2656B2BEB9D430030D119 /* MainViewController.swift */; };
		A8A265702BEBA2550030D119 /* NetworkService.swift in Sources */ = {isa = PBXBuildFile; fileRef = A8A2656F2BEBA2550030D119 /* NetworkService.swift */; };
		A8A265722BEBA2760030D119 /* NetworkServiceProtocol.swift in Sources */ = {isa = PBXBuildFile; fileRef = A8A265712BEBA2760030D119 /* NetworkServiceProtocol.swift */; };
		A8A265742BEBA29B0030D119 /* NetworkService+Weather.swift in Sources */ = {isa = PBXBuildFile; fileRef = A8A265732BEBA29B0030D119 /* NetworkService+Weather.swift */; };
		A8A265762BEBA2AD0030D119 /* APIConstant.swift in Sources */ = {isa = PBXBuildFile; fileRef = A8A265752BEBA2AD0030D119 /* APIConstant.swift */; };
		A8A2657A2BEBA3190030D119 /* DMWeatherInfo.swift in Sources */ = {isa = PBXBuildFile; fileRef = A8A265792BEBA3190030D119 /* DMWeatherInfo.swift */; };
		A8A2657C2BEBA3750030D119 /* Location.swift in Sources */ = {isa = PBXBuildFile; fileRef = A8A2657B2BEBA3750030D119 /* Location.swift */; };
		A8A2657E2BEBA4700030D119 /* ServiceProvider.swift in Sources */ = {isa = PBXBuildFile; fileRef = A8A2657D2BEBA4700030D119 /* ServiceProvider.swift */; };
		A8A265802BEBC6370030D119 /* DMGeocoder.swift in Sources */ = {isa = PBXBuildFile; fileRef = A8A2657F2BEBC6370030D119 /* DMGeocoder.swift */; };
/* End PBXBuildFile section */

/* Begin PBXFileReference section */
		A8A2654E2BEB9A7D0030D119 /* WeatherClient.app */ = {isa = PBXFileReference; explicitFileType = wrapper.application; includeInIndex = 0; path = WeatherClient.app; sourceTree = BUILT_PRODUCTS_DIR; };
		A8A265512BEB9A7D0030D119 /* AppDelegate.swift */ = {isa = PBXFileReference; lastKnownFileType = sourcecode.swift; path = AppDelegate.swift; sourceTree = "<group>"; };
		A8A265532BEB9A7D0030D119 /* SceneDelegate.swift */ = {isa = PBXFileReference; lastKnownFileType = sourcecode.swift; path = SceneDelegate.swift; sourceTree = "<group>"; };
		A8A2655A2BEB9A7F0030D119 /* Assets.xcassets */ = {isa = PBXFileReference; lastKnownFileType = folder.assetcatalog; path = Assets.xcassets; sourceTree = "<group>"; };
		A8A2655D2BEB9A7F0030D119 /* Base */ = {isa = PBXFileReference; lastKnownFileType = file.storyboard; name = Base; path = Base.lproj/LaunchScreen.storyboard; sourceTree = "<group>"; };
		A8A2655F2BEB9A7F0030D119 /* Info.plist */ = {isa = PBXFileReference; lastKnownFileType = text.plist.xml; path = Info.plist; sourceTree = "<group>"; };
		A8A2656B2BEB9D430030D119 /* MainViewController.swift */ = {isa = PBXFileReference; lastKnownFileType = sourcecode.swift; path = MainViewController.swift; sourceTree = "<group>"; };
		A8A2656F2BEBA2550030D119 /* NetworkService.swift */ = {isa = PBXFileReference; lastKnownFileType = sourcecode.swift; path = NetworkService.swift; sourceTree = "<group>"; };
		A8A265712BEBA2760030D119 /* NetworkServiceProtocol.swift */ = {isa = PBXFileReference; lastKnownFileType = sourcecode.swift; path = NetworkServiceProtocol.swift; sourceTree = "<group>"; };
		A8A265732BEBA29B0030D119 /* NetworkService+Weather.swift */ = {isa = PBXFileReference; lastKnownFileType = sourcecode.swift; path = "NetworkService+Weather.swift"; sourceTree = "<group>"; };
		A8A265752BEBA2AD0030D119 /* APIConstant.swift */ = {isa = PBXFileReference; lastKnownFileType = sourcecode.swift; path = APIConstant.swift; sourceTree = "<group>"; };
		A8A265792BEBA3190030D119 /* DMWeatherInfo.swift */ = {isa = PBXFileReference; lastKnownFileType = sourcecode.swift; path = DMWeatherInfo.swift; sourceTree = "<group>"; };
		A8A2657B2BEBA3750030D119 /* Location.swift */ = {isa = PBXFileReference; lastKnownFileType = sourcecode.swift; path = Location.swift; sourceTree = "<group>"; };
		A8A2657D2BEBA4700030D119 /* ServiceProvider.swift */ = {isa = PBXFileReference; lastKnownFileType = sourcecode.swift; path = ServiceProvider.swift; sourceTree = "<group>"; };
		A8A2657F2BEBC6370030D119 /* DMGeocoder.swift */ = {isa = PBXFileReference; lastKnownFileType = sourcecode.swift; path = DMGeocoder.swift; sourceTree = "<group>"; };
/* End PBXFileReference section */

/* Begin PBXFrameworksBuildPhase section */
		A8A2654B2BEB9A7D0030D119 /* Frameworks */ = {
			isa = PBXFrameworksBuildPhase;
			buildActionMask = 2147483647;
			files = (
			);
			runOnlyForDeploymentPostprocessing = 0;
		};
/* End PBXFrameworksBuildPhase section */

/* Begin PBXGroup section */
		A8A265452BEB9A7D0030D119 = {
			isa = PBXGroup;
			children = (
				A8A265502BEB9A7D0030D119 /* WeatherClient */,
				A8A2654F2BEB9A7D0030D119 /* Products */,
			);
			sourceTree = "<group>";
		};
		A8A2654F2BEB9A7D0030D119 /* Products */ = {
			isa = PBXGroup;
			children = (
				A8A2654E2BEB9A7D0030D119 /* WeatherClient.app */,
			);
			name = Products;
			sourceTree = "<group>";
		};
		A8A265502BEB9A7D0030D119 /* WeatherClient */ = {
			isa = PBXGroup;
			children = (
				A8A265652BEB9CC40030D119 /* Source */,
				A8A265662BEB9CD20030D119 /* Resource */,
			);
			path = WeatherClient;
			sourceTree = "<group>";
		};
		A8A265652BEB9CC40030D119 /* Source */ = {
			isa = PBXGroup;
			children = (
				A8A2656D2BEBA1F30030D119 /* Services */,
				A8A265772BEBA2FA0030D119 /* Models */,
				A8A265672BEB9CFA0030D119 /* Screens */,
			);
			path = Source;
			sourceTree = "<group>";
		};
		A8A265662BEB9CD20030D119 /* Resource */ = {
			isa = PBXGroup;
			children = (
				A8A2655A2BEB9A7F0030D119 /* Assets.xcassets */,
				A8A2655C2BEB9A7F0030D119 /* LaunchScreen.storyboard */,
				A8A2655F2BEB9A7F0030D119 /* Info.plist */,
			);
			path = Resource;
			sourceTree = "<group>";
		};
		A8A265672BEB9CFA0030D119 /* Screens */ = {
			isa = PBXGroup;
			children = (
				A8A2656A2BEB9D290030D119 /* App */,
				A8A265682BEB9D040030D119 /* Main */,
			);
			path = Screens;
			sourceTree = "<group>";
		};
		A8A265682BEB9D040030D119 /* Main */ = {
			isa = PBXGroup;
			children = (
				A8A265692BEB9D0B0030D119 /* Controller */,
			);
			path = Main;
			sourceTree = "<group>";
		};
		A8A265692BEB9D0B0030D119 /* Controller */ = {
			isa = PBXGroup;
			children = (
				A8A2656B2BEB9D430030D119 /* MainViewController.swift */,
			);
			path = Controller;
			sourceTree = "<group>";
		};
		A8A2656A2BEB9D290030D119 /* App */ = {
			isa = PBXGroup;
			children = (
				A8A265512BEB9A7D0030D119 /* AppDelegate.swift */,
				A8A265532BEB9A7D0030D119 /* SceneDelegate.swift */,
			);
			path = App;
			sourceTree = "<group>";
		};
		A8A2656D2BEBA1F30030D119 /* Services */ = {
			isa = PBXGroup;
			children = (
				A8A2656E2BEBA2100030D119 /* Network */,
				A8A2657D2BEBA4700030D119 /* ServiceProvider.swift */,
			);
			path = Services;
			sourceTree = "<group>";
		};
		A8A2656E2BEBA2100030D119 /* Network */ = {
			isa = PBXGroup;
			children = (
				A8A2656F2BEBA2550030D119 /* NetworkService.swift */,
				A8A265712BEBA2760030D119 /* NetworkServiceProtocol.swift */,
				A8A265732BEBA29B0030D119 /* NetworkService+Weather.swift */,
				A8A265752BEBA2AD0030D119 /* APIConstant.swift */,
			);
			path = Network;
			sourceTree = "<group>";
		};
		A8A265772BEBA2FA0030D119 /* Models */ = {
			isa = PBXGroup;
			children = (
				A8A265782BEBA30C0030D119 /* API */,
				A8A2657B2BEBA3750030D119 /* Location.swift */,
			);
			path = Models;
			sourceTree = "<group>";
		};
		A8A265782BEBA30C0030D119 /* API */ = {
			isa = PBXGroup;
			children = (
				A8A265792BEBA3190030D119 /* DMWeatherInfo.swift */,
				A8A2657F2BEBC6370030D119 /* DMGeocoder.swift */,
			);
			path = API;
			sourceTree = "<group>";
		};
/* End PBXGroup section */

/* Begin PBXNativeTarget section */
		A8A2654D2BEB9A7D0030D119 /* WeatherClient */ = {
			isa = PBXNativeTarget;
			buildConfigurationList = A8A265622BEB9A7F0030D119 /* Build configuration list for PBXNativeTarget "WeatherClient" */;
			buildPhases = (
				A8A2654A2BEB9A7D0030D119 /* Sources */,
				A8A2654B2BEB9A7D0030D119 /* Frameworks */,
				A8A2654C2BEB9A7D0030D119 /* Resources */,
			);
			buildRules = (
			);
			dependencies = (
			);
			name = WeatherClient;
			productName = WeatherClient;
			productReference = A8A2654E2BEB9A7D0030D119 /* WeatherClient.app */;
			productType = "com.apple.product-type.application";
		};
/* End PBXNativeTarget section */

/* Begin PBXProject section */
		A8A265462BEB9A7D0030D119 /* Project object */ = {
			isa = PBXProject;
			attributes = {
				BuildIndependentTargetsInParallel = 1;
				LastSwiftUpdateCheck = 1530;
				LastUpgradeCheck = 1530;
				TargetAttributes = {
					A8A2654D2BEB9A7D0030D119 = {
						CreatedOnToolsVersion = 15.3;
					};
				};
			};
			buildConfigurationList = A8A265492BEB9A7D0030D119 /* Build configuration list for PBXProject "WeatherClient" */;
			compatibilityVersion = "Xcode 14.0";
			developmentRegion = en;
			hasScannedForEncodings = 0;
			knownRegions = (
				en,
				Base,
			);
			mainGroup = A8A265452BEB9A7D0030D119;
			productRefGroup = A8A2654F2BEB9A7D0030D119 /* Products */;
			projectDirPath = "";
			projectRoot = "";
			targets = (
				A8A2654D2BEB9A7D0030D119 /* WeatherClient */,
			);
		};
/* End PBXProject section */

/* Begin PBXResourcesBuildPhase section */
		A8A2654C2BEB9A7D0030D119 /* Resources */ = {
			isa = PBXResourcesBuildPhase;
			buildActionMask = 2147483647;
			files = (
				A8A2655B2BEB9A7F0030D119 /* Assets.xcassets in Resources */,
				A8A2655E2BEB9A7F0030D119 /* Base in Resources */,
			);
			runOnlyForDeploymentPostprocessing = 0;
		};
/* End PBXResourcesBuildPhase section */

/* Begin PBXSourcesBuildPhase section */
		A8A2654A2BEB9A7D0030D119 /* Sources */ = {
			isa = PBXSourcesBuildPhase;
			buildActionMask = 2147483647;
			files = (
				A8A2656C2BEB9D430030D119 /* MainViewController.swift in Sources */,
				A8A265742BEBA29B0030D119 /* NetworkService+Weather.swift in Sources */,
				A8A265522BEB9A7D0030D119 /* AppDelegate.swift in Sources */,
				A8A2657A2BEBA3190030D119 /* DMWeatherInfo.swift in Sources */,
				A8A2657C2BEBA3750030D119 /* Location.swift in Sources */,
				A8A265702BEBA2550030D119 /* NetworkService.swift in Sources */,
				A8A2657E2BEBA4700030D119 /* ServiceProvider.swift in Sources */,
				A8A265542BEB9A7D0030D119 /* SceneDelegate.swift in Sources */,
				A8A265762BEBA2AD0030D119 /* APIConstant.swift in Sources */,
				A8A265722BEBA2760030D119 /* NetworkServiceProtocol.swift in Sources */,
				A8A265802BEBC6370030D119 /* DMGeocoder.swift in Sources */,
			);
			runOnlyForDeploymentPostprocessing = 0;
		};
/* End PBXSourcesBuildPhase section */

/* Begin PBXVariantGroup section */
		A8A2655C2BEB9A7F0030D119 /* LaunchScreen.storyboard */ = {
			isa = PBXVariantGroup;
			children = (
				A8A2655D2BEB9A7F0030D119 /* Base */,
			);
			name = LaunchScreen.storyboard;
			sourceTree = "<group>";
		};
/* End PBXVariantGroup section */

/* Begin XCBuildConfiguration section */
		A8A265602BEB9A7F0030D119 /* Debug */ = {
			isa = XCBuildConfiguration;
			buildSettings = {
				ALWAYS_SEARCH_USER_PATHS = NO;
				ASSETCATALOG_COMPILER_GENERATE_SWIFT_ASSET_SYMBOL_EXTENSIONS = YES;
				CLANG_ANALYZER_NONNULL = YES;
				CLANG_ANALYZER_NUMBER_OBJECT_CONVERSION = YES_AGGRESSIVE;
				CLANG_CXX_LANGUAGE_STANDARD = "gnu++20";
				CLANG_ENABLE_MODULES = YES;
				CLANG_ENABLE_OBJC_ARC = YES;
				CLANG_ENABLE_OBJC_WEAK = YES;
				CLANG_WARN_BLOCK_CAPTURE_AUTORELEASING = YES;
				CLANG_WARN_BOOL_CONVERSION = YES;
				CLANG_WARN_COMMA = YES;
				CLANG_WARN_CONSTANT_CONVERSION = YES;
				CLANG_WARN_DEPRECATED_OBJC_IMPLEMENTATIONS = YES;
				CLANG_WARN_DIRECT_OBJC_ISA_USAGE = YES_ERROR;
				CLANG_WARN_DOCUMENTATION_COMMENTS = YES;
				CLANG_WARN_EMPTY_BODY = YES;
				CLANG_WARN_ENUM_CONVERSION = YES;
				CLANG_WARN_INFINITE_RECURSION = YES;
				CLANG_WARN_INT_CONVERSION = YES;
				CLANG_WARN_NON_LITERAL_NULL_CONVERSION = YES;
				CLANG_WARN_OBJC_IMPLICIT_RETAIN_SELF = YES;
				CLANG_WARN_OBJC_LITERAL_CONVERSION = YES;
				CLANG_WARN_OBJC_ROOT_CLASS = YES_ERROR;
				CLANG_WARN_QUOTED_INCLUDE_IN_FRAMEWORK_HEADER = YES;
				CLANG_WARN_RANGE_LOOP_ANALYSIS = YES;
				CLANG_WARN_STRICT_PROTOTYPES = YES;
				CLANG_WARN_SUSPICIOUS_MOVE = YES;
				CLANG_WARN_UNGUARDED_AVAILABILITY = YES_AGGRESSIVE;
				CLANG_WARN_UNREACHABLE_CODE = YES;
				CLANG_WARN__DUPLICATE_METHOD_MATCH = YES;
				COPY_PHASE_STRIP = NO;
				DEBUG_INFORMATION_FORMAT = dwarf;
				ENABLE_STRICT_OBJC_MSGSEND = YES;
				ENABLE_TESTABILITY = YES;
				ENABLE_USER_SCRIPT_SANDBOXING = YES;
				GCC_C_LANGUAGE_STANDARD = gnu17;
				GCC_DYNAMIC_NO_PIC = NO;
				GCC_NO_COMMON_BLOCKS = YES;
				GCC_OPTIMIZATION_LEVEL = 0;
				GCC_PREPROCESSOR_DEFINITIONS = (
					"DEBUG=1",
					"$(inherited)",
				);
				GCC_WARN_64_TO_32_BIT_CONVERSION = YES;
				GCC_WARN_ABOUT_RETURN_TYPE = YES_ERROR;
				GCC_WARN_UNDECLARED_SELECTOR = YES;
				GCC_WARN_UNINITIALIZED_AUTOS = YES_AGGRESSIVE;
				GCC_WARN_UNUSED_FUNCTION = YES;
				GCC_WARN_UNUSED_VARIABLE = YES;
				IPHONEOS_DEPLOYMENT_TARGET = 17.4;
				LOCALIZATION_PREFERS_STRING_CATALOGS = YES;
				MTL_ENABLE_DEBUG_INFO = INCLUDE_SOURCE;
				MTL_FAST_MATH = YES;
				ONLY_ACTIVE_ARCH = YES;
				SDKROOT = iphoneos;
				SWIFT_ACTIVE_COMPILATION_CONDITIONS = "DEBUG $(inherited)";
				SWIFT_OPTIMIZATION_LEVEL = "-Onone";
			};
			name = Debug;
		};
		A8A265612BEB9A7F0030D119 /* Release */ = {
			isa = XCBuildConfiguration;
			buildSettings = {
				ALWAYS_SEARCH_USER_PATHS = NO;
				ASSETCATALOG_COMPILER_GENERATE_SWIFT_ASSET_SYMBOL_EXTENSIONS = YES;
				CLANG_ANALYZER_NONNULL = YES;
				CLANG_ANALYZER_NUMBER_OBJECT_CONVERSION = YES_AGGRESSIVE;
				CLANG_CXX_LANGUAGE_STANDARD = "gnu++20";
				CLANG_ENABLE_MODULES = YES;
				CLANG_ENABLE_OBJC_ARC = YES;
				CLANG_ENABLE_OBJC_WEAK = YES;
				CLANG_WARN_BLOCK_CAPTURE_AUTORELEASING = YES;
				CLANG_WARN_BOOL_CONVERSION = YES;
				CLANG_WARN_COMMA = YES;
				CLANG_WARN_CONSTANT_CONVERSION = YES;
				CLANG_WARN_DEPRECATED_OBJC_IMPLEMENTATIONS = YES;
				CLANG_WARN_DIRECT_OBJC_ISA_USAGE = YES_ERROR;
				CLANG_WARN_DOCUMENTATION_COMMENTS = YES;
				CLANG_WARN_EMPTY_BODY = YES;
				CLANG_WARN_ENUM_CONVERSION = YES;
				CLANG_WARN_INFINITE_RECURSION = YES;
				CLANG_WARN_INT_CONVERSION = YES;
				CLANG_WARN_NON_LITERAL_NULL_CONVERSION = YES;
				CLANG_WARN_OBJC_IMPLICIT_RETAIN_SELF = YES;
				CLANG_WARN_OBJC_LITERAL_CONVERSION = YES;
				CLANG_WARN_OBJC_ROOT_CLASS = YES_ERROR;
				CLANG_WARN_QUOTED_INCLUDE_IN_FRAMEWORK_HEADER = YES;
				CLANG_WARN_RANGE_LOOP_ANALYSIS = YES;
				CLANG_WARN_STRICT_PROTOTYPES = YES;
				CLANG_WARN_SUSPICIOUS_MOVE = YES;
				CLANG_WARN_UNGUARDED_AVAILABILITY = YES_AGGRESSIVE;
				CLANG_WARN_UNREACHABLE_CODE = YES;
				CLANG_WARN__DUPLICATE_METHOD_MATCH = YES;
				COPY_PHASE_STRIP = NO;
				DEBUG_INFORMATION_FORMAT = "dwarf-with-dsym";
				ENABLE_NS_ASSERTIONS = NO;
				ENABLE_STRICT_OBJC_MSGSEND = YES;
				ENABLE_USER_SCRIPT_SANDBOXING = YES;
				GCC_C_LANGUAGE_STANDARD = gnu17;
				GCC_NO_COMMON_BLOCKS = YES;
				GCC_WARN_64_TO_32_BIT_CONVERSION = YES;
				GCC_WARN_ABOUT_RETURN_TYPE = YES_ERROR;
				GCC_WARN_UNDECLARED_SELECTOR = YES;
				GCC_WARN_UNINITIALIZED_AUTOS = YES_AGGRESSIVE;
				GCC_WARN_UNUSED_FUNCTION = YES;
				GCC_WARN_UNUSED_VARIABLE = YES;
				IPHONEOS_DEPLOYMENT_TARGET = 17.4;
				LOCALIZATION_PREFERS_STRING_CATALOGS = YES;
				MTL_ENABLE_DEBUG_INFO = NO;
				MTL_FAST_MATH = YES;
				SDKROOT = iphoneos;
				SWIFT_COMPILATION_MODE = wholemodule;
				VALIDATE_PRODUCT = YES;
			};
			name = Release;
		};
		A8A265632BEB9A7F0030D119 /* Debug */ = {
			isa = XCBuildConfiguration;
			buildSettings = {
				ASSETCATALOG_COMPILER_APPICON_NAME = AppIcon;
				ASSETCATALOG_COMPILER_GLOBAL_ACCENT_COLOR_NAME = AccentColor;
				CODE_SIGN_STYLE = Automatic;
				CURRENT_PROJECT_VERSION = 1;
				DEVELOPMENT_TEAM = 595Y7XNND7;
				GENERATE_INFOPLIST_FILE = YES;
				INFOPLIST_FILE = WeatherClient/Resource/Info.plist;
				INFOPLIST_KEY_UIApplicationSupportsIndirectInputEvents = YES;
				INFOPLIST_KEY_UILaunchStoryboardName = LaunchScreen;
				INFOPLIST_KEY_UISupportedInterfaceOrientations_iPad = "UIInterfaceOrientationPortrait UIInterfaceOrientationPortraitUpsideDown UIInterfaceOrientationLandscapeLeft UIInterfaceOrientationLandscapeRight";
				INFOPLIST_KEY_UISupportedInterfaceOrientations_iPhone = "UIInterfaceOrientationPortrait UIInterfaceOrientationLandscapeLeft UIInterfaceOrientationLandscapeRight";
				LD_RUNPATH_SEARCH_PATHS = (
					"$(inherited)",
					"@executable_path/Frameworks",
				);
				MARKETING_VERSION = 1.0;
				PRODUCT_BUNDLE_IDENTIFIER = AM.WeatherClient;
				PRODUCT_NAME = "$(TARGET_NAME)";
				SWIFT_EMIT_LOC_STRINGS = YES;
				SWIFT_VERSION = 5.0;
				TARGETED_DEVICE_FAMILY = "1,2";
			};
			name = Debug;
		};
		A8A265642BEB9A7F0030D119 /* Release */ = {
			isa = XCBuildConfiguration;
			buildSettings = {
				ASSETCATALOG_COMPILER_APPICON_NAME = AppIcon;
				ASSETCATALOG_COMPILER_GLOBAL_ACCENT_COLOR_NAME = AccentColor;
				CODE_SIGN_STYLE = Automatic;
				CURRENT_PROJECT_VERSION = 1;
				DEVELOPMENT_TEAM = 595Y7XNND7;
				GENERATE_INFOPLIST_FILE = YES;
				INFOPLIST_FILE = WeatherClient/Resource/Info.plist;
				INFOPLIST_KEY_UIApplicationSupportsIndirectInputEvents = YES;
				INFOPLIST_KEY_UILaunchStoryboardName = LaunchScreen;
				INFOPLIST_KEY_UISupportedInterfaceOrientations_iPad = "UIInterfaceOrientationPortrait UIInterfaceOrientationPortraitUpsideDown UIInterfaceOrientationLandscapeLeft UIInterfaceOrientationLandscapeRight";
				INFOPLIST_KEY_UISupportedInterfaceOrientations_iPhone = "UIInterfaceOrientationPortrait UIInterfaceOrientationLandscapeLeft UIInterfaceOrientationLandscapeRight";
				LD_RUNPATH_SEARCH_PATHS = (
					"$(inherited)",
					"@executable_path/Frameworks",
				);
				MARKETING_VERSION = 1.0;
				PRODUCT_BUNDLE_IDENTIFIER = AM.WeatherClient;
				PRODUCT_NAME = "$(TARGET_NAME)";
				SWIFT_EMIT_LOC_STRINGS = YES;
				SWIFT_VERSION = 5.0;
				TARGETED_DEVICE_FAMILY = "1,2";
			};
			name = Release;
		};
/* End XCBuildConfiguration section */

/* Begin XCConfigurationList section */
		A8A265492BEB9A7D0030D119 /* Build configuration list for PBXProject "WeatherClient" */ = {
			isa = XCConfigurationList;
			buildConfigurations = (
				A8A265602BEB9A7F0030D119 /* Debug */,
				A8A265612BEB9A7F0030D119 /* Release */,
			);
			defaultConfigurationIsVisible = 0;
			defaultConfigurationName = Release;
		};
		A8A265622BEB9A7F0030D119 /* Build configuration list for PBXNativeTarget "WeatherClient" */ = {
			isa = XCConfigurationList;
			buildConfigurations = (
				A8A265632BEB9A7F0030D119 /* Debug */,
				A8A265642BEB9A7F0030D119 /* Release */,
			);
			defaultConfigurationIsVisible = 0;
			defaultConfigurationName = Release;
		};
/* End XCConfigurationList section */
	};
	rootObject = A8A265462BEB9A7D0030D119 /* Project object */;
}
